
Microsoft Visual Studio Solution File, Format Version 12.00
# Visual Studio 15
VisualStudioVersion = 15.0.28107.0
MinimumVisualStudioVersion = 10.0.40219.1
Project("{FAE04EC0-301F-11D3-BF4B-00C04F79EFBC}") = "Kanigoo", "Kanigoo\Kanigoo.csproj", "{5D67FD8D-CD1F-4B52-9878-6E4A358946DE}"
EndProject
Project("{FAE04EC0-301F-11D3-BF4B-00C04F79EFBC}") = "Kanigoo.Server", "Kanigoo.Server\Kanigoo.Server.csproj", "{7CE5ED50-8244-49D1-9529-30100DC6DC97}"
EndProject
Global
	GlobalSection(SolutionConfigurationPlatforms) = preSolution
		Debug|Any CPU = Debug|Any CPU
		Release|Any CPU = Release|Any CPU
	EndGlobalSection
	GlobalSection(ProjectConfigurationPlatforms) = postSolution
		{5D67FD8D-CD1F-4B52-9878-6E4A358946DE}.Debug|Any CPU.ActiveCfg = Debug|Any CPU
		{5D67FD8D-CD1F-4B52-9878-6E4A358946DE}.Debug|Any CPU.Build.0 = Debug|Any CPU
		{5D67FD8D-CD1F-4B52-9878-6E4A358946DE}.Release|Any CPU.ActiveCfg = Release|Any CPU
		{5D67FD8D-CD1F-4B52-9878-6E4A358946DE}.Release|Any CPU.Build.0 = Release|Any CPU
		{7CE5ED50-8244-49D1-9529-30100DC6DC97}.Debug|Any CPU.ActiveCfg = Debug|Any CPU
		{7CE5ED50-8244-49D1-9529-30100DC6DC97}.Debug|Any CPU.Build.0 = Debug|Any CPU
		{7CE5ED50-8244-49D1-9529-30100DC6DC97}.Release|Any CPU.ActiveCfg = Release|Any CPU
		{7CE5ED50-8244-49D1-9529-30100DC6DC97}.Release|Any CPU.Build.0 = Release|Any CPU
	EndGlobalSection
	GlobalSection(SolutionProperties) = preSolution
		HideSolutionNode = FALSE
	EndGlobalSection
	GlobalSection(ExtensibilityGlobals) = postSolution
		SolutionGuid = {063BCD38-CF02-4682-8D54-6A30AE0D6659}
	EndGlobalSection
EndGlobal
